// !$*UTF8*$!
{
	archiveVersion = 1;
	classes = {
	};
	objectVersion = 50;
	objects = {

/* Begin PBXBuildFile section */
		2D0F06FA2750F6670002100E /* AppDelegate.swift in Sources */ = {isa = PBXBuildFile; fileRef = 2D0F06F92750F6670002100E /* AppDelegate.swift */; };
		2D0F06FC2750F6670002100E /* SceneDelegate.swift in Sources */ = {isa = PBXBuildFile; fileRef = 2D0F06FB2750F6670002100E /* SceneDelegate.swift */; };
		2D0F07012750F6670002100E /* Main.storyboard in Resources */ = {isa = PBXBuildFile; fileRef = 2D0F06FF2750F6670002100E /* Main.storyboard */; };
		2D0F07042750F6670002100E /* Racing_Nine_Nine.xcdatamodeld in Sources */ = {isa = PBXBuildFile; fileRef = 2D0F07022750F6670002100E /* Racing_Nine_Nine.xcdatamodeld */; };
		2D0F07062750F6690002100E /* Assets.xcassets in Resources */ = {isa = PBXBuildFile; fileRef = 2D0F07052750F6690002100E /* Assets.xcassets */; };
		2D0F07092750F6690002100E /* LaunchScreen.storyboard in Resources */ = {isa = PBXBuildFile; fileRef = 2D0F07072750F6690002100E /* LaunchScreen.storyboard */; };
		2D0F0718275108980002100E /* GameModelAndTypeViewController.swift in Sources */ = {isa = PBXBuildFile; fileRef = 2D0F0717275108980002100E /* GameModelAndTypeViewController.swift */; };
		2D0F071A27510A180002100E /* 難度設定.swift in Sources */ = {isa = PBXBuildFile; fileRef = 2D0F071927510A180002100E /* 難度設定.swift */; };
		2D0F071C275114150002100E /* FunctionAndStructForMATS.swift in Sources */ = {isa = PBXBuildFile; fileRef = 2D0F071B275114150002100E /* FunctionAndStructForMATS.swift */; };
		2D0F071E27514B740002100E /* TrafficSelectViewController.swift in Sources */ = {isa = PBXBuildFile; fileRef = 2D0F071D27514B740002100E /* TrafficSelectViewController.swift */; };
		2D0F072027549FA20002100E /* GamingCsreenViewController.swift in Sources */ = {isa = PBXBuildFile; fileRef = 2D0F071F27549FA20002100E /* GamingCsreenViewController.swift */; };
		2D0F07222754C02F0002100E /* GamingScreenFunction.swift in Sources */ = {isa = PBXBuildFile; fileRef = 2D0F07212754C02F0002100E /* GamingScreenFunction.swift */; };
		2D0F072A27560F600002100E /* TimeRecord+CoreDataClass.swift in Sources */ = {isa = PBXBuildFile; fileRef = 2D0F072827560F600002100E /* TimeRecord+CoreDataClass.swift */; };
		2D0F072B27560F600002100E /* TimeRecord+CoreDataProperties.swift in Sources */ = {isa = PBXBuildFile; fileRef = 2D0F072927560F600002100E /* TimeRecord+CoreDataProperties.swift */; };
		2D0F072D275611B40002100E /* FrontPageViewController.swift in Sources */ = {isa = PBXBuildFile; fileRef = 2D0F072C275611B40002100E /* FrontPageViewController.swift */; };
		2D0F072F2756123F0002100E /* FunctionForFrontPageUse.swift in Sources */ = {isa = PBXBuildFile; fileRef = 2D0F072E2756123F0002100E /* FunctionForFrontPageUse.swift */; };
		2D0F07312756131A0002100E /* SearchBillvoardTypeViewController.swift in Sources */ = {isa = PBXBuildFile; fileRef = 2D0F07302756131A0002100E /* SearchBillvoardTypeViewController.swift */; };
		2D0F0733275620020002100E /* BillboardTableViewCell.swift in Sources */ = {isa = PBXBuildFile; fileRef = 2D0F0732275620020002100E /* BillboardTableViewCell.swift */; };
		2D0F073527564C5F0002100E /* IntTransformToString.swift in Sources */ = {isa = PBXBuildFile; fileRef = 2D0F073427564C5E0002100E /* IntTransformToString.swift */; };
		2D0F07392757586C0002100E /* GameInstructionViewController.swift in Sources */ = {isa = PBXBuildFile; fileRef = 2D0F07382757586B0002100E /* GameInstructionViewController.swift */; };
/* End PBXBuildFile section */

/* Begin PBXFileReference section */
		2D0F06F62750F6670002100E /* Racing Nine Nine.app */ = {isa = PBXFileReference; explicitFileType = wrapper.application; includeInIndex = 0; path = "Racing Nine Nine.app"; sourceTree = BUILT_PRODUCTS_DIR; };
		2D0F06F92750F6670002100E /* AppDelegate.swift */ = {isa = PBXFileReference; lastKnownFileType = sourcecode.swift; path = AppDelegate.swift; sourceTree = "<group>"; };
		2D0F06FB2750F6670002100E /* SceneDelegate.swift */ = {isa = PBXFileReference; lastKnownFileType = sourcecode.swift; path = SceneDelegate.swift; sourceTree = "<group>"; };
		2D0F07002750F6670002100E /* Base */ = {isa = PBXFileReference; lastKnownFileType = file.storyboard; name = Base; path = Base.lproj/Main.storyboard; sourceTree = "<group>"; };
		2D0F07032750F6670002100E /* Racing_Nine_Nine.xcdatamodel */ = {isa = PBXFileReference; lastKnownFileType = wrapper.xcdatamodel; path = Racing_Nine_Nine.xcdatamodel; sourceTree = "<group>"; };
		2D0F07052750F6690002100E /* Assets.xcassets */ = {isa = PBXFileReference; lastKnownFileType = folder.assetcatalog; path = Assets.xcassets; sourceTree = "<group>"; };
		2D0F07082750F6690002100E /* Base */ = {isa = PBXFileReference; lastKnownFileType = file.storyboard; name = Base; path = Base.lproj/LaunchScreen.storyboard; sourceTree = "<group>"; };
		2D0F070A2750F6690002100E /* Info.plist */ = {isa = PBXFileReference; lastKnownFileType = text.plist.xml; path = Info.plist; sourceTree = "<group>"; };
		2D0F0717275108980002100E /* GameModelAndTypeViewController.swift */ = {isa = PBXFileReference; lastKnownFileType = sourcecode.swift; path = GameModelAndTypeViewController.swift; sourceTree = "<group>"; };
		2D0F071927510A180002100E /* 難度設定.swift */ = {isa = PBXFileReference; lastKnownFileType = sourcecode.swift; path = "難度設定.swift"; sourceTree = "<group>"; };
		2D0F071B275114150002100E /* FunctionAndStructForMATS.swift */ = {isa = PBXFileReference; lastKnownFileType = sourcecode.swift; path = FunctionAndStructForMATS.swift; sourceTree = "<group>"; };
		2D0F071D27514B740002100E /* TrafficSelectViewController.swift */ = {isa = PBXFileReference; lastKnownFileType = sourcecode.swift; path = TrafficSelectViewController.swift; sourceTree = "<group>"; };
		2D0F071F27549FA20002100E /* GamingCsreenViewController.swift */ = {isa = PBXFileReference; lastKnownFileType = sourcecode.swift; path = GamingCsreenViewController.swift; sourceTree = "<group>"; };
		2D0F07212754C02F0002100E /* GamingScreenFunction.swift */ = {isa = PBXFileReference; lastKnownFileType = sourcecode.swift; path = GamingScreenFunction.swift; sourceTree = "<group>"; };
		2D0F072827560F600002100E /* TimeRecord+CoreDataClass.swift */ = {isa = PBXFileReference; lastKnownFileType = sourcecode.swift; path = "TimeRecord+CoreDataClass.swift"; sourceTree = "<group>"; };
		2D0F072927560F600002100E /* TimeRecord+CoreDataProperties.swift */ = {isa = PBXFileReference; lastKnownFileType = sourcecode.swift; path = "TimeRecord+CoreDataProperties.swift"; sourceTree = "<group>"; };
		2D0F072C275611B40002100E /* FrontPageViewController.swift */ = {isa = PBXFileReference; lastKnownFileType = sourcecode.swift; path = FrontPageViewController.swift; sourceTree = "<group>"; };
		2D0F072E2756123F0002100E /* FunctionForFrontPageUse.swift */ = {isa = PBXFileReference; lastKnownFileType = sourcecode.swift; path = FunctionForFrontPageUse.swift; sourceTree = "<group>"; };
		2D0F07302756131A0002100E /* SearchBillvoardTypeViewController.swift */ = {isa = PBXFileReference; lastKnownFileType = sourcecode.swift; path = SearchBillvoardTypeViewController.swift; sourceTree = "<group>"; };
		2D0F0732275620020002100E /* BillboardTableViewCell.swift */ = {isa = PBXFileReference; lastKnownFileType = sourcecode.swift; path = BillboardTableViewCell.swift; sourceTree = "<group>"; };
		2D0F073427564C5E0002100E /* IntTransformToString.swift */ = {isa = PBXFileReference; lastKnownFileType = sourcecode.swift; path = IntTransformToString.swift; sourceTree = "<group>"; };
		2D0F07382757586B0002100E /* GameInstructionViewController.swift */ = {isa = PBXFileReference; lastKnownFileType = sourcecode.swift; path = GameInstructionViewController.swift; sourceTree = "<group>"; };
/* End PBXFileReference section */

/* Begin PBXFrameworksBuildPhase section */
		2D0F06F32750F6670002100E /* Frameworks */ = {
			isa = PBXFrameworksBuildPhase;
			buildActionMask = 2147483647;
			files = (
			);
			runOnlyForDeploymentPostprocessing = 0;
		};
/* End PBXFrameworksBuildPhase section */

/* Begin PBXGroup section */
		2D0F06ED2750F6670002100E = {
			isa = PBXGroup;
			children = (
				2D0F06F82750F6670002100E /* Racing Nine Nine */,
				2D0F06F72750F6670002100E /* Products */,
			);
			sourceTree = "<group>";
		};
		2D0F06F72750F6670002100E /* Products */ = {
			isa = PBXGroup;
			children = (
				2D0F06F62750F6670002100E /* Racing Nine Nine.app */,
			);
			name = Products;
			sourceTree = "<group>";
		};
		2D0F06F82750F6670002100E /* Racing Nine Nine */ = {
			isa = PBXGroup;
			children = (
				2D0F072727560F140002100E /* CoreData */,
				2D0F07152750F91F0002100E /* Model */,
				2D0F0716275108610002100E /* Front Page Screen */,
				2D0F06F92750F6670002100E /* AppDelegate.swift */,
				2D0F06FB2750F6670002100E /* SceneDelegate.swift */,
				2D0F06FF2750F6670002100E /* Main.storyboard */,
				2D0F07052750F6690002100E /* Assets.xcassets */,
				2D0F07072750F6690002100E /* LaunchScreen.storyboard */,
				2D0F070A2750F6690002100E /* Info.plist */,
				2D0F07022750F6670002100E /* Racing_Nine_Nine.xcdatamodeld */,
			);
			path = "Racing Nine Nine";
			sourceTree = "<group>";
		};
		2D0F07102750F85F0002100E /* BillBoard */ = {
			isa = PBXGroup;
			children = (
				2D0F07302756131A0002100E /* SearchBillvoardTypeViewController.swift */,
				2D0F073427564C5E0002100E /* IntTransformToString.swift */,
				2D0F0732275620020002100E /* BillboardTableViewCell.swift */,
			);
			path = BillBoard;
			sourceTree = "<group>";
		};
		2D0F07112750F87A0002100E /* Game */ = {
			isa = PBXGroup;
			children = (
				2D0F07122750F88C0002100E /* Model And Type Screen */,
				2D0F07132750F89C0002100E /* Traffic Select Screen */,
				2D0F07142750F8D70002100E /* Gaming Screen */,
			);
			path = Game;
			sourceTree = "<group>";
		};
		2D0F07122750F88C0002100E /* Model And Type Screen */ = {
			isa = PBXGroup;
			children = (
				2D0F0717275108980002100E /* GameModelAndTypeViewController.swift */,
				2D0F071B275114150002100E /* FunctionAndStructForMATS.swift */,
				2D0F07382757586B0002100E /* GameInstructionViewController.swift */,
			);
			path = "Model And Type Screen";
			sourceTree = "<group>";
		};
		2D0F07132750F89C0002100E /* Traffic Select Screen */ = {
			isa = PBXGroup;
			children = (
				2D0F071D27514B740002100E /* TrafficSelectViewController.swift */,
			);
			path = "Traffic Select Screen";
			sourceTree = "<group>";
		};
		2D0F07142750F8D70002100E /* Gaming Screen */ = {
			isa = PBXGroup;
			children = (
				2D0F071927510A180002100E /* 難度設定.swift */,
				2D0F071F27549FA20002100E /* GamingCsreenViewController.swift */,
				2D0F07212754C02F0002100E /* GamingScreenFunction.swift */,
			);
			path = "Gaming Screen";
			sourceTree = "<group>";
		};
		2D0F07152750F91F0002100E /* Model */ = {
			isa = PBXGroup;
			children = (
			);
			path = Model;
			sourceTree = "<group>";
		};
		2D0F0716275108610002100E /* Front Page Screen */ = {
			isa = PBXGroup;
			children = (
				2D0F072C275611B40002100E /* FrontPageViewController.swift */,
				2D0F072E2756123F0002100E /* FunctionForFrontPageUse.swift */,
				2D0F07112750F87A0002100E /* Game */,
				2D0F07102750F85F0002100E /* BillBoard */,
			);
			path = "Front Page Screen";
			sourceTree = "<group>";
		};
		2D0F072727560F140002100E /* CoreData */ = {
			isa = PBXGroup;
			children = (
				2D0F072827560F600002100E /* TimeRecord+CoreDataClass.swift */,
				2D0F072927560F600002100E /* TimeRecord+CoreDataProperties.swift */,
			);
			path = CoreData;
			sourceTree = "<group>";
		};
/* End PBXGroup section */

/* Begin PBXNativeTarget section */
		2D0F06F52750F6670002100E /* Racing Nine Nine */ = {
			isa = PBXNativeTarget;
			buildConfigurationList = 2D0F070D2750F6690002100E /* Build configuration list for PBXNativeTarget "Racing Nine Nine" */;
			buildPhases = (
				2D0F06F22750F6670002100E /* Sources */,
				2D0F06F32750F6670002100E /* Frameworks */,
				2D0F06F42750F6670002100E /* Resources */,
			);
			buildRules = (
			);
			dependencies = (
			);
			name = "Racing Nine Nine";
			productName = "Racing Nine Nine";
			productReference = 2D0F06F62750F6670002100E /* Racing Nine Nine.app */;
			productType = "com.apple.product-type.application";
		};
/* End PBXNativeTarget section */

/* Begin PBXProject section */
		2D0F06EE2750F6670002100E /* Project object */ = {
			isa = PBXProject;
			attributes = {
				LastSwiftUpdateCheck = 1250;
				LastUpgradeCheck = 1250;
				TargetAttributes = {
					2D0F06F52750F6670002100E = {
						CreatedOnToolsVersion = 12.5.1;
					};
				};
			};
			buildConfigurationList = 2D0F06F12750F6670002100E /* Build configuration list for PBXProject "Racing Nine Nine" */;
			compatibilityVersion = "Xcode 9.3";
			developmentRegion = en;
			hasScannedForEncodings = 0;
			knownRegions = (
				en,
				Base,
			);
			mainGroup = 2D0F06ED2750F6670002100E;
			productRefGroup = 2D0F06F72750F6670002100E /* Products */;
			projectDirPath = "";
			projectRoot = "";
			targets = (
				2D0F06F52750F6670002100E /* Racing Nine Nine */,
			);
		};
/* End PBXProject section */

/* Begin PBXResourcesBuildPhase section */
		2D0F06F42750F6670002100E /* Resources */ = {
			isa = PBXResourcesBuildPhase;
			buildActionMask = 2147483647;
			files = (
				2D0F07092750F6690002100E /* LaunchScreen.storyboard in Resources */,
				2D0F07062750F6690002100E /* Assets.xcassets in Resources */,
				2D0F07012750F6670002100E /* Main.storyboard in Resources */,
			);
			runOnlyForDeploymentPostprocessing = 0;
		};
/* End PBXResourcesBuildPhase section */

/* Begin PBXSourcesBuildPhase section */
		2D0F06F22750F6670002100E /* Sources */ = {
			isa = PBXSourcesBuildPhase;
			buildActionMask = 2147483647;
			files = (
				2D0F06FA2750F6670002100E /* AppDelegate.swift in Sources */,
				2D0F072F2756123F0002100E /* FunctionForFrontPageUse.swift in Sources */,
				2D0F07392757586C0002100E /* GameInstructionViewController.swift in Sources */,
				2D0F071C275114150002100E /* FunctionAndStructForMATS.swift in Sources */,
				2D0F072027549FA20002100E /* GamingCsreenViewController.swift in Sources */,
				2D0F06FC2750F6670002100E /* SceneDelegate.swift in Sources */,
				2D0F071A27510A180002100E /* 難度設定.swift in Sources */,
				2D0F073527564C5F0002100E /* IntTransformToString.swift in Sources */,
				2D0F07312756131A0002100E /* SearchBillvoardTypeViewController.swift in Sources */,
				2D0F072A27560F600002100E /* TimeRecord+CoreDataClass.swift in Sources */,
				2D0F0718275108980002100E /* GameModelAndTypeViewController.swift in Sources */,
				2D0F07042750F6670002100E /* Racing_Nine_Nine.xcdatamodeld in Sources */,
				2D0F07222754C02F0002100E /* GamingScreenFunction.swift in Sources */,
				2D0F0733275620020002100E /* BillboardTableViewCell.swift in Sources */,
				2D0F072D275611B40002100E /* FrontPageViewController.swift in Sources */,
				2D0F071E27514B740002100E /* TrafficSelectViewController.swift in Sources */,
				2D0F072B27560F600002100E /* TimeRecord+CoreDataProperties.swift in Sources */,
			);
			runOnlyForDeploymentPostprocessing = 0;
		};
/* End PBXSourcesBuildPhase section */

/* Begin PBXVariantGroup section */
		2D0F06FF2750F6670002100E /* Main.storyboard */ = {
			isa = PBXVariantGroup;
			children = (
				2D0F07002750F6670002100E /* Base */,
			);
			name = Main.storyboard;
			sourceTree = "<group>";
		};
		2D0F07072750F6690002100E /* LaunchScreen.storyboard */ = {
			isa = PBXVariantGroup;
			children = (
				2D0F07082750F6690002100E /* Base */,
			);
			name = LaunchScreen.storyboard;
			sourceTree = "<group>";
		};
/* End PBXVariantGroup section */

/* Begin XCBuildConfiguration section */
		2D0F070B2750F6690002100E /* Debug */ = {
			isa = XCBuildConfiguration;
			buildSettings = {
				ALWAYS_SEARCH_USER_PATHS = NO;
				CLANG_ANALYZER_NONNULL = YES;
				CLANG_ANALYZER_NUMBER_OBJECT_CONVERSION = YES_AGGRESSIVE;
				CLANG_CXX_LANGUAGE_STANDARD = "gnu++14";
				CLANG_CXX_LIBRARY = "libc++";
				CLANG_ENABLE_MODULES = YES;
				CLANG_ENABLE_OBJC_ARC = YES;
				CLANG_ENABLE_OBJC_WEAK = YES;
				CLANG_WARN_BLOCK_CAPTURE_AUTORELEASING = YES;
				CLANG_WARN_BOOL_CONVERSION = YES;
				CLANG_WARN_COMMA = YES;
				CLANG_WARN_CONSTANT_CONVERSION = YES;
				CLANG_WARN_DEPRECATED_OBJC_IMPLEMENTATIONS = YES;
				CLANG_WARN_DIRECT_OBJC_ISA_USAGE = YES_ERROR;
				CLANG_WARN_DOCUMENTATION_COMMENTS = YES;
				CLANG_WARN_EMPTY_BODY = YES;
				CLANG_WARN_ENUM_CONVERSION = YES;
				CLANG_WARN_INFINITE_RECURSION = YES;
				CLANG_WARN_INT_CONVERSION = YES;
				CLANG_WARN_NON_LITERAL_NULL_CONVERSION = YES;
				CLANG_WARN_OBJC_IMPLICIT_RETAIN_SELF = YES;
				CLANG_WARN_OBJC_LITERAL_CONVERSION = YES;
				CLANG_WARN_OBJC_ROOT_CLASS = YES_ERROR;
				CLANG_WARN_QUOTED_INCLUDE_IN_FRAMEWORK_HEADER = YES;
				CLANG_WARN_RANGE_LOOP_ANALYSIS = YES;
				CLANG_WARN_STRICT_PROTOTYPES = YES;
				CLANG_WARN_SUSPICIOUS_MOVE = YES;
				CLANG_WARN_UNGUARDED_AVAILABILITY = YES_AGGRESSIVE;
				CLANG_WARN_UNREACHABLE_CODE = YES;
				CLANG_WARN__DUPLICATE_METHOD_MATCH = YES;
				COPY_PHASE_STRIP = NO;
				DEBUG_INFORMATION_FORMAT = dwarf;
				ENABLE_STRICT_OBJC_MSGSEND = YES;
				ENABLE_TESTABILITY = YES;
				GCC_C_LANGUAGE_STANDARD = gnu11;
				GCC_DYNAMIC_NO_PIC = NO;
				GCC_NO_COMMON_BLOCKS = YES;
				GCC_OPTIMIZATION_LEVEL = 0;
				GCC_PREPROCESSOR_DEFINITIONS = (
					"DEBUG=1",
					"$(inherited)",
				);
				GCC_WARN_64_TO_32_BIT_CONVERSION = YES;
				GCC_WARN_ABOUT_RETURN_TYPE = YES_ERROR;
				GCC_WARN_UNDECLARED_SELECTOR = YES;
				GCC_WARN_UNINITIALIZED_AUTOS = YES_AGGRESSIVE;
				GCC_WARN_UNUSED_FUNCTION = YES;
				GCC_WARN_UNUSED_VARIABLE = YES;
				IPHONEOS_DEPLOYMENT_TARGET = 14.5;
				MTL_ENABLE_DEBUG_INFO = INCLUDE_SOURCE;
				MTL_FAST_MATH = YES;
				ONLY_ACTIVE_ARCH = YES;
				SDKROOT = iphoneos;
				SWIFT_ACTIVE_COMPILATION_CONDITIONS = DEBUG;
				SWIFT_OPTIMIZATION_LEVEL = "-Onone";
			};
			name = Debug;
		};
		2D0F070C2750F6690002100E /* Release */ = {
			isa = XCBuildConfiguration;
			buildSettings = {
				ALWAYS_SEARCH_USER_PATHS = NO;
				CLANG_ANALYZER_NONNULL = YES;
				CLANG_ANALYZER_NUMBER_OBJECT_CONVERSION = YES_AGGRESSIVE;
				CLANG_CXX_LANGUAGE_STANDARD = "gnu++14";
				CLANG_CXX_LIBRARY = "libc++";
				CLANG_ENABLE_MODULES = YES;
				CLANG_ENABLE_OBJC_ARC = YES;
				CLANG_ENABLE_OBJC_WEAK = YES;
				CLANG_WARN_BLOCK_CAPTURE_AUTORELEASING = YES;
				CLANG_WARN_BOOL_CONVERSION = YES;
				CLANG_WARN_COMMA = YES;
				CLANG_WARN_CONSTANT_CONVERSION = YES;
				CLANG_WARN_DEPRECATED_OBJC_IMPLEMENTATIONS = YES;
				CLANG_WARN_DIRECT_OBJC_ISA_USAGE = YES_ERROR;
				CLANG_WARN_DOCUMENTATION_COMMENTS = YES;
				CLANG_WARN_EMPTY_BODY = YES;
				CLANG_WARN_ENUM_CONVERSION = YES;
				CLANG_WARN_INFINITE_RECURSION = YES;
				CLANG_WARN_INT_CONVERSION = YES;
				CLANG_WARN_NON_LITERAL_NULL_CONVERSION = YES;
				CLANG_WARN_OBJC_IMPLICIT_RETAIN_SELF = YES;
				CLANG_WARN_OBJC_LITERAL_CONVERSION = YES;
				CLANG_WARN_OBJC_ROOT_CLASS = YES_ERROR;
				CLANG_WARN_QUOTED_INCLUDE_IN_FRAMEWORK_HEADER = YES;
				CLANG_WARN_RANGE_LOOP_ANALYSIS = YES;
				CLANG_WARN_STRICT_PROTOTYPES = YES;
				CLANG_WARN_SUSPICIOUS_MOVE = YES;
				CLANG_WARN_UNGUARDED_AVAILABILITY = YES_AGGRESSIVE;
				CLANG_WARN_UNREACHABLE_CODE = YES;
				CLANG_WARN__DUPLICATE_METHOD_MATCH = YES;
				COPY_PHASE_STRIP = NO;
				DEBUG_INFORMATION_FORMAT = "dwarf-with-dsym";
				ENABLE_NS_ASSERTIONS = NO;
				ENABLE_STRICT_OBJC_MSGSEND = YES;
				GCC_C_LANGUAGE_STANDARD = gnu11;
				GCC_NO_COMMON_BLOCKS = YES;
				GCC_WARN_64_TO_32_BIT_CONVERSION = YES;
				GCC_WARN_ABOUT_RETURN_TYPE = YES_ERROR;
				GCC_WARN_UNDECLARED_SELECTOR = YES;
				GCC_WARN_UNINITIALIZED_AUTOS = YES_AGGRESSIVE;
				GCC_WARN_UNUSED_FUNCTION = YES;
				GCC_WARN_UNUSED_VARIABLE = YES;
				IPHONEOS_DEPLOYMENT_TARGET = 14.5;
				MTL_ENABLE_DEBUG_INFO = NO;
				MTL_FAST_MATH = YES;
				SDKROOT = iphoneos;
				SWIFT_COMPILATION_MODE = wholemodule;
				SWIFT_OPTIMIZATION_LEVEL = "-O";
				VALIDATE_PRODUCT = YES;
			};
			name = Release;
		};
		2D0F070E2750F6690002100E /* Debug */ = {
			isa = XCBuildConfiguration;
			buildSettings = {
				ASSETCATALOG_COMPILER_APPICON_NAME = AppIcon;
				ASSETCATALOG_COMPILER_GLOBAL_ACCENT_COLOR_NAME = AccentColor;
				CODE_SIGN_STYLE = Automatic;
				DEVELOPMENT_TEAM = D758S53U98;
				INFOPLIST_FILE = "Racing Nine Nine/Info.plist";
				IPHONEOS_DEPLOYMENT_TARGET = 13.0;
				LD_RUNPATH_SEARCH_PATHS = (
					"$(inherited)",
					"@executable_path/Frameworks",
				);
				PRODUCT_BUNDLE_IDENTIFIER = "Dogpa.Racing-Nine-Nine";
				PRODUCT_NAME = "$(TARGET_NAME)";
				SWIFT_VERSION = 4.0;
				TARGETED_DEVICE_FAMILY = 1;
			};
			name = Debug;
		};
		2D0F070F2750F6690002100E /* Release */ = {
			isa = XCBuildConfiguration;
			buildSettings = {
				ASSETCATALOG_COMPILER_APPICON_NAME = AppIcon;
				ASSETCATALOG_COMPILER_GLOBAL_ACCENT_COLOR_NAME = AccentColor;
				CODE_SIGN_STYLE = Automatic;
				DEVELOPMENT_TEAM = D758S53U98;
				INFOPLIST_FILE = "Racing Nine Nine/Info.plist";
				IPHONEOS_DEPLOYMENT_TARGET = 13.0;
				LD_RUNPATH_SEARCH_PATHS = (
					"$(inherited)",
					"@executable_path/Frameworks",
				);
				PRODUCT_BUNDLE_IDENTIFIER = "Dogpa.Racing-Nine-Nine";
				PRODUCT_NAME = "$(TARGET_NAME)";
				SWIFT_VERSION = 4.0;
				TARGETED_DEVICE_FAMILY = 1;
			};
			name = Release;
		};
/* End XCBuildConfiguration section */

/* Begin XCConfigurationList section */
		2D0F06F12750F6670002100E /* Build configuration list for PBXProject "Racing Nine Nine" */ = {
			isa = XCConfigurationList;
			buildConfigurations = (
				2D0F070B2750F6690002100E /* Debug */,
				2D0F070C2750F6690002100E /* Release */,
			);
			defaultConfigurationIsVisible = 0;
			defaultConfigurationName = Release;
		};
		2D0F070D2750F6690002100E /* Build configuration list for PBXNativeTarget "Racing Nine Nine" */ = {
			isa = XCConfigurationList;
			buildConfigurations = (
				2D0F070E2750F6690002100E /* Debug */,
				2D0F070F2750F6690002100E /* Release */,
			);
			defaultConfigurationIsVisible = 0;
			defaultConfigurationName = Release;
		};
/* End XCConfigurationList section */

/* Begin XCVersionGroup section */
		2D0F07022750F6670002100E /* Racing_Nine_Nine.xcdatamodeld */ = {
			isa = XCVersionGroup;
			children = (
				2D0F07032750F6670002100E /* Racing_Nine_Nine.xcdatamodel */,
			);
			currentVersion = 2D0F07032750F6670002100E /* Racing_Nine_Nine.xcdatamodel */;
			path = Racing_Nine_Nine.xcdatamodeld;
			sourceTree = "<group>";
			versionGroupType = wrapper.xcdatamodel;
		};
/* End XCVersionGroup section */
	};
	rootObject = 2D0F06EE2750F6670002100E /* Project object */;
}
